# This file is automatically @generated by Cargo.
# It is not intended for manual editing.
version = 4

[[package]]
name = "rust_avl"
version = "0.1.0"
dependencies = [
    "libc",
]

[[package]]
name = "libc"
version = "1.0.0-alpha.2"
source = "registry+https://github.com/rust-lang/crates.io-index"
checksum = "85272f924988b0557659867ecbb172a88990b2c5175bebd38c44956e7c74e701"
